<Solution>
  <Folder Name="/Solution Items/">
    <File Path="../README.md" />
  </Folder>
  <Folder Name="/src/">
    <Project Path="Events.Api/Events.Api.csproj" />
    <Project Path="Events.Application/Events.Application.csproj" />
    <Project Path="Events.Domain/Events.Domain.csproj" />
  </Folder>
  <Folder Name="/Tests/">
    <Project Path="Tests/Events.UnitTests/Events.UnitTests.csproj" />
  </Folder>
</Solution>
